
Microsoft Visual Studio Solution File, Format Version 12.00
# Visual Studio Version 16
VisualStudioVersion = 16.0.31129.286
MinimumVisualStudioVersion = 10.0.40219.1
Project("{FAE04EC0-301F-11D3-BF4B-00C04F79EFBC}") = "Semicolon", "Semicolon\Semicolon.csproj", "{367904C4-AC30-474C-B706-1920687E1265}"
EndProject
Global
	GlobalSection(SolutionConfigurationPlatforms) = preSolution
		Debug|Any CPU = Debug|Any CPU
		Release|Any CPU = Release|Any CPU
	EndGlobalSection
	GlobalSection(ProjectConfigurationPlatforms) = postSolution
		{367904C4-AC30-474C-B706-1920687E1265}.Debug|Any CPU.ActiveCfg = Debug|Any CPU
		{367904C4-AC30-474C-B706-1920687E1265}.Debug|Any CPU.Build.0 = Debug|Any CPU
		{367904C4-AC30-474C-B706-1920687E1265}.Release|Any CPU.ActiveCfg = Release|Any CPU
		{367904C4-AC30-474C-B706-1920687E1265}.Release|Any CPU.Build.0 = Release|Any CPU
	EndGlobalSection
	GlobalSection(SolutionProperties) = preSolution
		HideSolutionNode = FALSE
	EndGlobalSection
	GlobalSection(ExtensibilityGlobals) = postSolution
		SolutionGuid = {175F4D5B-8CA3-437D-9C1A-921B05CFE16A}
	EndGlobalSection
EndGlobal
